// !$*UTF8*$!
{
	archiveVersion = 1;
	classes = {
	};
	objectVersion = 46;
	objects = {

/* Begin PBXBuildFile section */
		8A6A11161E8CE17D009993B9 /* main.swift in Sources */ = {isa = PBXBuildFile; fileRef = 8A6A11151E8CE17D009993B9 /* main.swift */; };
		8A6A111D1E8CE1A2009993B9 /* Node.swift in Sources */ = {isa = PBXBuildFile; fileRef = 8A6A111C1E8CE1A2009993B9 /* Node.swift */; };
		8A6A111F1E8CE3DD009993B9 /* queue.swift in Sources */ = {isa = PBXBuildFile; fileRef = 8A6A111E1E8CE3DD009993B9 /* queue.swift */; };
/* End PBXBuildFile section */

/* Begin PBXCopyFilesBuildPhase section */
		8A6A11101E8CE17D009993B9 /* CopyFiles */ = {
			isa = PBXCopyFilesBuildPhase;
			buildActionMask = 2147483647;
			dstPath = /usr/share/man/man1/;
			dstSubfolderSpec = 0;
			files = (
			);
			runOnlyForDeploymentPostprocessing = 1;
		};
/* End PBXCopyFilesBuildPhase section */

/* Begin PBXFileReference section */
		8A6A11121E8CE17D009993B9 /* Queues */ = {isa = PBXFileReference; explicitFileType = "compiled.mach-o.executable"; includeInIndex = 0; path = Queues; sourceTree = BUILT_PRODUCTS_DIR; };
		8A6A11151E8CE17D009993B9 /* main.swift */ = {isa = PBXFileReference; lastKnownFileType = sourcecode.swift; path = main.swift; sourceTree = "<group>"; };
		8A6A111C1E8CE1A2009993B9 /* Node.swift */ = {isa = PBXFileReference; fileEncoding = 4; lastKnownFileType = sourcecode.swift; path = Node.swift; sourceTree = "<group>"; };
		8A6A111E1E8CE3DD009993B9 /* queue.swift */ = {isa = PBXFileReference; fileEncoding = 4; lastKnownFileType = sourcecode.swift; path = queue.swift; sourceTree = "<group>"; };
/* End PBXFileReference section */

/* Begin PBXFrameworksBuildPhase section */
		8A6A110F1E8CE17D009993B9 /* Frameworks */ = {
			isa = PBXFrameworksBuildPhase;
			buildActionMask = 2147483647;
			files = (
			);
			runOnlyForDeploymentPostprocessing = 0;
		};
/* End PBXFrameworksBuildPhase section */

/* Begin PBXGroup section */
		8A6A11091E8CE17D009993B9 = {
			isa = PBXGroup;
			children = (
				8A6A11141E8CE17D009993B9 /* Queues */,
				8A6A11131E8CE17D009993B9 /* Products */,
			);
			sourceTree = "<group>";
		};
		8A6A11131E8CE17D009993B9 /* Products */ = {
			isa = PBXGroup;
			children = (
				8A6A11121E8CE17D009993B9 /* Queues */,
			);
			name = Products;
			sourceTree = "<group>";
		};
		8A6A11141E8CE17D009993B9 /* Queues */ = {
			isa = PBXGroup;
			children = (
				8A6A11151E8CE17D009993B9 /* main.swift */,
				8A6A111C1E8CE1A2009993B9 /* Node.swift */,
				8A6A111E1E8CE3DD009993B9 /* queue.swift */,
			);
			path = Queues;
			sourceTree = "<group>";
		};
/* End PBXGroup section */

/* Begin PBXNativeTarget section */
		8A6A11111E8CE17D009993B9 /* Queues */ = {
			isa = PBXNativeTarget;
			buildConfigurationList = 8A6A11191E8CE17D009993B9 /* Build configuration list for PBXNativeTarget "Queues" */;
			buildPhases = (
				8A6A110E1E8CE17D009993B9 /* Sources */,
				8A6A110F1E8CE17D009993B9 /* Frameworks */,
				8A6A11101E8CE17D009993B9 /* CopyFiles */,
			);
			buildRules = (
			);
			dependencies = (
			);
			name = Queues;
			productName = Queues;
			productReference = 8A6A11121E8CE17D009993B9 /* Queues */;
			productType = "com.apple.product-type.tool";
		};
/* End PBXNativeTarget section */

/* Begin PBXProject section */
		8A6A110A1E8CE17D009993B9 /* Project object */ = {
			isa = PBXProject;
			attributes = {
				LastSwiftUpdateCheck = 0830;
				LastUpgradeCheck = 0830;
				ORGANIZATIONNAME = "Mustafa Khalil";
				TargetAttributes = {
					8A6A11111E8CE17D009993B9 = {
						CreatedOnToolsVersion = 8.3;
						DevelopmentTeam = S5LE5TDLUP;
						ProvisioningStyle = Automatic;
					};
				};
			};
			buildConfigurationList = 8A6A110D1E8CE17D009993B9 /* Build configuration list for PBXProject "Queues" */;
			compatibilityVersion = "Xcode 3.2";
			developmentRegion = English;
			hasScannedForEncodings = 0;
			knownRegions = (
				en,
			);
			mainGroup = 8A6A11091E8CE17D009993B9;
			productRefGroup = 8A6A11131E8CE17D009993B9 /* Products */;
			projectDirPath = "";
			projectRoot = "";
			targets = (
				8A6A11111E8CE17D009993B9 /* Queues */,
			);
		};
/* End PBXProject section */

/* Begin PBXSourcesBuildPhase section */
		8A6A110E1E8CE17D009993B9 /* Sources */ = {
			isa = PBXSourcesBuildPhase;
			buildActionMask = 2147483647;
			files = (
				8A6A11161E8CE17D009993B9 /* main.swift in Sources */,
				8A6A111D1E8CE1A2009993B9 /* Node.swift in Sources */,
				8A6A111F1E8CE3DD009993B9 /* queue.swift in Sources */,
			);
			runOnlyForDeploymentPostprocessing = 0;
		};
/* End PBXSourcesBuildPhase section */

/* Begin XCBuildConfiguration section */
		8A6A11171E8CE17D009993B9 /* Debug */ = {
			isa = XCBuildConfiguration;
			buildSettings = {
				ALWAYS_SEARCH_USER_PATHS = NO;
				CLANG_ANALYZER_NONNULL = YES;
				CLANG_ANALYZER_NUMBER_OBJECT_CONVERSION = YES_AGGRESSIVE;
				CLANG_CXX_LANGUAGE_STANDARD = "gnu++0x";
				CLANG_CXX_LIBRARY = "libc++";
				CLANG_ENABLE_MODULES = YES;
				CLANG_ENABLE_OBJC_ARC = YES;
				CLANG_WARN_BOOL_CONVERSION = YES;
				CLANG_WARN_CONSTANT_CONVERSION = YES;
				CLANG_WARN_DIRECT_OBJC_ISA_USAGE = YES_ERROR;
				CLANG_WARN_DOCUMENTATION_COMMENTS = YES;
				CLANG_WARN_EMPTY_BODY = YES;
				CLANG_WARN_ENUM_CONVERSION = YES;
				CLANG_WARN_INFINITE_RECURSION = YES;
				CLANG_WARN_INT_CONVERSION = YES;
				CLANG_WARN_OBJC_ROOT_CLASS = YES_ERROR;
				CLANG_WARN_SUSPICIOUS_MOVE = YES;
				CLANG_WARN_UNREACHABLE_CODE = YES;
				CLANG_WARN__DUPLICATE_METHOD_MATCH = YES;
				CODE_SIGN_IDENTITY = "-";
				COPY_PHASE_STRIP = NO;
				DEBUG_INFORMATION_FORMAT = dwarf;
				ENABLE_STRICT_OBJC_MSGSEND = YES;
				ENABLE_TESTABILITY = YES;
				GCC_C_LANGUAGE_STANDARD = gnu99;
				GCC_DYNAMIC_NO_PIC = NO;
				GCC_NO_COMMON_BLOCKS = YES;
				GCC_OPTIMIZATION_LEVEL = 0;
				GCC_PREPROCESSOR_DEFINITIONS = (
					"DEBUG=1",
					"$(inherited)",
				);
				GCC_WARN_64_TO_32_BIT_CONVERSION = YES;
				GCC_WARN_ABOUT_RETURN_TYPE = YES_ERROR;
				GCC_WARN_UNDECLARED_SELECTOR = YES;
				GCC_WARN_UNINITIALIZED_AUTOS = YES_AGGRESSIVE;
				GCC_WARN_UNUSED_FUNCTION = YES;
				GCC_WARN_UNUSED_VARIABLE = YES;
				MACOSX_DEPLOYMENT_TARGET = 10.12;
				MTL_ENABLE_DEBUG_INFO = YES;
				ONLY_ACTIVE_ARCH = YES;
				SDKROOT = macosx;
				SWIFT_OPTIMIZATION_LEVEL = "-Onone";
			};
			name = Debug;
		};
		8A6A11181E8CE17D009993B9 /* Release */ = {
			isa = XCBuildConfiguration;
			buildSettings = {
				ALWAYS_SEARCH_USER_PATHS = NO;
				CLANG_ANALYZER_NONNULL = YES;
				CLANG_ANALYZER_NUMBER_OBJECT_CONVERSION = YES_AGGRESSIVE;
				CLANG_CXX_LANGUAGE_STANDARD = "gnu++0x";
				CLANG_CXX_LIBRARY = "libc++";
				CLANG_ENABLE_MODULES = YES;
				CLANG_ENABLE_OBJC_ARC = YES;
				CLANG_WARN_BOOL_CONVERSION = YES;
				CLANG_WARN_CONSTANT_CONVERSION = YES;
				CLANG_WARN_DIRECT_OBJC_ISA_USAGE = YES_ERROR;
				CLANG_WARN_DOCUMENTATION_COMMENTS = YES;
				CLANG_WARN_EMPTY_BODY = YES;
				CLANG_WARN_ENUM_CONVERSION = YES;
				CLANG_WARN_INFINITE_RECURSION = YES;
				CLANG_WARN_INT_CONVERSION = YES;
				CLANG_WARN_OBJC_ROOT_CLASS = YES_ERROR;
				CLANG_WARN_SUSPICIOUS_MOVE = YES;
				CLANG_WARN_UNREACHABLE_CODE = YES;
				CLANG_WARN__DUPLICATE_METHOD_MATCH = YES;
				CODE_SIGN_IDENTITY = "-";
				COPY_PHASE_STRIP = NO;
				DEBUG_INFORMATION_FORMAT = "dwarf-with-dsym";
				ENABLE_NS_ASSERTIONS = NO;
				ENABLE_STRICT_OBJC_MSGSEND = YES;
				GCC_C_LANGUAGE_STANDARD = gnu99;
				GCC_NO_COMMON_BLOCKS = YES;
				GCC_WARN_64_TO_32_BIT_CONVERSION = YES;
				GCC_WARN_ABOUT_RETURN_TYPE = YES_ERROR;
				GCC_WARN_UNDECLARED_SELECTOR = YES;
				GCC_WARN_UNINITIALIZED_AUTOS = YES_AGGRESSIVE;
				GCC_WARN_UNUSED_FUNCTION = YES;
				GCC_WARN_UNUSED_VARIABLE = YES;
				MACOSX_DEPLOYMENT_TARGET = 10.12;
				MTL_ENABLE_DEBUG_INFO = NO;
				SDKROOT = macosx;
			};
			name = Release;
		};
		8A6A111A1E8CE17D009993B9 /* Debug */ = {
			isa = XCBuildConfiguration;
			buildSettings = {
				DEVELOPMENT_TEAM = S5LE5TDLUP;
				PRODUCT_NAME = "$(TARGET_NAME)";
				SWIFT_VERSION = 3.0;
			};
			name = Debug;
		};
		8A6A111B1E8CE17D009993B9 /* Release */ = {
			isa = XCBuildConfiguration;
			buildSettings = {
				DEVELOPMENT_TEAM = S5LE5TDLUP;
				PRODUCT_NAME = "$(TARGET_NAME)";
				SWIFT_VERSION = 3.0;
			};
			name = Release;
		};
/* End XCBuildConfiguration section */

/* Begin XCConfigurationList section */
		8A6A110D1E8CE17D009993B9 /* Build configuration list for PBXProject "Queues" */ = {
			isa = XCConfigurationList;
			buildConfigurations = (
				8A6A11171E8CE17D009993B9 /* Debug */,
				8A6A11181E8CE17D009993B9 /* Release */,
			);
			defaultConfigurationIsVisible = 0;
			defaultConfigurationName = Release;
		};
		8A6A11191E8CE17D009993B9 /* Build configuration list for PBXNativeTarget "Queues" */ = {
			isa = XCConfigurationList;
			buildConfigurations = (
				8A6A111A1E8CE17D009993B9 /* Debug */,
				8A6A111B1E8CE17D009993B9 /* Release */,
			);
			defaultConfigurationIsVisible = 0;
		};
/* End XCConfigurationList section */
	};
	rootObject = 8A6A110A1E8CE17D009993B9 /* Project object */;
}
