// !$*UTF8*$!
{
	archiveVersion = 1;
	classes = {
	};
	objectVersion = 46;
	objects = {

/* Begin PBXBuildFile section */
		8AED07541E3EF4150088C8BA /* main.swift in Sources */ = {isa = PBXBuildFile; fileRef = 8AED07531E3EF4150088C8BA /* main.swift */; };
		FAF5E72E1F2E3FB000C5DEA5 /* BinarySearch.swift in Sources */ = {isa = PBXBuildFile; fileRef = FAF5E72D1F2E3FB000C5DEA5 /* BinarySearch.swift */; };
		FAFA7E611F3767E000AE810A /* BinarySearchTests.swift in Sources */ = {isa = PBXBuildFile; fileRef = FAFA7E601F3767E000AE810A /* BinarySearchTests.swift */; };
		FAFA7E661F3769CE00AE810A /* BinarySearch.swift in Sources */ = {isa = PBXBuildFile; fileRef = FAF5E72D1F2E3FB000C5DEA5 /* BinarySearch.swift */; };
		FAFA7E681F37754200AE810A /* README.md in Sources */ = {isa = PBXBuildFile; fileRef = FAFA7E671F37754200AE810A /* README.md */; };
/* End PBXBuildFile section */

/* Begin PBXCopyFilesBuildPhase section */
		8AED074E1E3EF4150088C8BA /* CopyFiles */ = {
			isa = PBXCopyFilesBuildPhase;
			buildActionMask = 2147483647;
			dstPath = /usr/share/man/man1/;
			dstSubfolderSpec = 0;
			files = (
			);
			runOnlyForDeploymentPostprocessing = 1;
		};
/* End PBXCopyFilesBuildPhase section */

/* Begin PBXFileReference section */
		8AED07501E3EF4150088C8BA /* BinarySearch */ = {isa = PBXFileReference; explicitFileType = "compiled.mach-o.executable"; includeInIndex = 0; path = BinarySearch; sourceTree = BUILT_PRODUCTS_DIR; };
		8AED07531E3EF4150088C8BA /* main.swift */ = {isa = PBXFileReference; lastKnownFileType = sourcecode.swift; path = main.swift; sourceTree = "<group>"; };
		FAF5E72D1F2E3FB000C5DEA5 /* BinarySearch.swift */ = {isa = PBXFileReference; fileEncoding = 4; lastKnownFileType = sourcecode.swift; path = BinarySearch.swift; sourceTree = "<group>"; };
		FAFA7E5E1F3767E000AE810A /* BinarySearchTests.xctest */ = {isa = PBXFileReference; explicitFileType = wrapper.cfbundle; includeInIndex = 0; path = BinarySearchTests.xctest; sourceTree = BUILT_PRODUCTS_DIR; };
		FAFA7E601F3767E000AE810A /* BinarySearchTests.swift */ = {isa = PBXFileReference; lastKnownFileType = sourcecode.swift; path = BinarySearchTests.swift; sourceTree = "<group>"; };
		FAFA7E621F3767E000AE810A /* Info.plist */ = {isa = PBXFileReference; lastKnownFileType = text.plist.xml; path = Info.plist; sourceTree = "<group>"; };
		FAFA7E671F37754200AE810A /* README.md */ = {isa = PBXFileReference; fileEncoding = 4; lastKnownFileType = net.daringfireball.markdown; path = README.md; sourceTree = "<group>"; };
/* End PBXFileReference section */

/* Begin PBXFrameworksBuildPhase section */
		8AED074D1E3EF4150088C8BA /* Frameworks */ = {
			isa = PBXFrameworksBuildPhase;
			buildActionMask = 2147483647;
			files = (
			);
			runOnlyForDeploymentPostprocessing = 0;
		};
		FAFA7E5B1F3767E000AE810A /* Frameworks */ = {
			isa = PBXFrameworksBuildPhase;
			buildActionMask = 2147483647;
			files = (
			);
			runOnlyForDeploymentPostprocessing = 0;
		};
/* End PBXFrameworksBuildPhase section */

/* Begin PBXGroup section */
		8AED07471E3EF4150088C8BA = {
			isa = PBXGroup;
			children = (
				FAFA7E671F37754200AE810A /* README.md */,
				8AED07521E3EF4150088C8BA /* BinarySearch */,
				FAFA7E5F1F3767E000AE810A /* BinarySearchTests */,
				8AED07511E3EF4150088C8BA /* Products */,
			);
			sourceTree = "<group>";
		};
		8AED07511E3EF4150088C8BA /* Products */ = {
			isa = PBXGroup;
			children = (
				8AED07501E3EF4150088C8BA /* BinarySearch */,
				FAFA7E5E1F3767E000AE810A /* BinarySearchTests.xctest */,
			);
			name = Products;
			sourceTree = "<group>";
		};
		8AED07521E3EF4150088C8BA /* BinarySearch */ = {
			isa = PBXGroup;
			children = (
				8AED07531E3EF4150088C8BA /* main.swift */,
				FAF5E72D1F2E3FB000C5DEA5 /* BinarySearch.swift */,
			);
			path = BinarySearch;
			sourceTree = "<group>";
		};
		FAFA7E5F1F3767E000AE810A /* BinarySearchTests */ = {
			isa = PBXGroup;
			children = (
				FAFA7E601F3767E000AE810A /* BinarySearchTests.swift */,
				FAFA7E621F3767E000AE810A /* Info.plist */,
			);
			path = BinarySearchTests;
			sourceTree = "<group>";
		};
/* End PBXGroup section */

/* Begin PBXNativeTarget section */
		8AED074F1E3EF4150088C8BA /* BinarySearch */ = {
			isa = PBXNativeTarget;
			buildConfigurationList = 8AED07571E3EF4150088C8BA /* Build configuration list for PBXNativeTarget "BinarySearch" */;
			buildPhases = (
				8AED074C1E3EF4150088C8BA /* Sources */,
				8AED074D1E3EF4150088C8BA /* Frameworks */,
				8AED074E1E3EF4150088C8BA /* CopyFiles */,
			);
			buildRules = (
			);
			dependencies = (
			);
			name = BinarySearch;
			productName = BinarySearch;
			productReference = 8AED07501E3EF4150088C8BA /* BinarySearch */;
			productType = "com.apple.product-type.tool";
		};
		FAFA7E5D1F3767E000AE810A /* BinarySearchTests */ = {
			isa = PBXNativeTarget;
			buildConfigurationList = FAFA7E651F3767E000AE810A /* Build configuration list for PBXNativeTarget "BinarySearchTests" */;
			buildPhases = (
				FAFA7E5A1F3767E000AE810A /* Sources */,
				FAFA7E5B1F3767E000AE810A /* Frameworks */,
				FAFA7E5C1F3767E000AE810A /* Resources */,
			);
			buildRules = (
			);
			dependencies = (
			);
			name = BinarySearchTests;
			productName = BinarySearchTests;
			productReference = FAFA7E5E1F3767E000AE810A /* BinarySearchTests.xctest */;
			productType = "com.apple.product-type.bundle.unit-test";
		};
/* End PBXNativeTarget section */

/* Begin PBXProject section */
		8AED07481E3EF4150088C8BA /* Project object */ = {
			isa = PBXProject;
			attributes = {
				LastSwiftUpdateCheck = 0830;
				LastUpgradeCheck = 0830;
				ORGANIZATIONNAME = "Mustafa Khalil";
				TargetAttributes = {
					8AED074F1E3EF4150088C8BA = {
						CreatedOnToolsVersion = 8.2.1;
						DevelopmentTeam = S5LE5TDLUP;
						ProvisioningStyle = Automatic;
					};
					FAFA7E5D1F3767E000AE810A = {
						CreatedOnToolsVersion = 8.3.3;
						ProvisioningStyle = Automatic;
					};
				};
			};
			buildConfigurationList = 8AED074B1E3EF4150088C8BA /* Build configuration list for PBXProject "BinarySearch" */;
			compatibilityVersion = "Xcode 3.2";
			developmentRegion = English;
			hasScannedForEncodings = 0;
			knownRegions = (
				en,
			);
			mainGroup = 8AED07471E3EF4150088C8BA;
			productRefGroup = 8AED07511E3EF4150088C8BA /* Products */;
			projectDirPath = "";
			projectRoot = "";
			targets = (
				8AED074F1E3EF4150088C8BA /* BinarySearch */,
				FAFA7E5D1F3767E000AE810A /* BinarySearchTests */,
			);
		};
/* End PBXProject section */

/* Begin PBXResourcesBuildPhase section */
		FAFA7E5C1F3767E000AE810A /* Resources */ = {
			isa = PBXResourcesBuildPhase;
			buildActionMask = 2147483647;
			files = (
			);
			runOnlyForDeploymentPostprocessing = 0;
		};
/* End PBXResourcesBuildPhase section */

/* Begin PBXSourcesBuildPhase section */
		8AED074C1E3EF4150088C8BA /* Sources */ = {
			isa = PBXSourcesBuildPhase;
			buildActionMask = 2147483647;
			files = (
				FAFA7E681F37754200AE810A /* README.md in Sources */,
				FAF5E72E1F2E3FB000C5DEA5 /* BinarySearch.swift in Sources */,
				8AED07541E3EF4150088C8BA /* main.swift in Sources */,
			);
			runOnlyForDeploymentPostprocessing = 0;
		};
		FAFA7E5A1F3767E000AE810A /* Sources */ = {
			isa = PBXSourcesBuildPhase;
			buildActionMask = 2147483647;
			files = (
				FAFA7E661F3769CE00AE810A /* BinarySearch.swift in Sources */,
				FAFA7E611F3767E000AE810A /* BinarySearchTests.swift in Sources */,
			);
			runOnlyForDeploymentPostprocessing = 0;
		};
/* End PBXSourcesBuildPhase section */

/* Begin XCBuildConfiguration section */
		8AED07551E3EF4150088C8BA /* Debug */ = {
			isa = XCBuildConfiguration;
			buildSettings = {
				ALWAYS_SEARCH_USER_PATHS = NO;
				CLANG_ANALYZER_NONNULL = YES;
				CLANG_CXX_LANGUAGE_STANDARD = "gnu++0x";
				CLANG_CXX_LIBRARY = "libc++";
				CLANG_ENABLE_MODULES = YES;
				CLANG_ENABLE_OBJC_ARC = YES;
				CLANG_WARN_BOOL_CONVERSION = YES;
				CLANG_WARN_CONSTANT_CONVERSION = YES;
				CLANG_WARN_DIRECT_OBJC_ISA_USAGE = YES_ERROR;
				CLANG_WARN_DOCUMENTATION_COMMENTS = YES;
				CLANG_WARN_EMPTY_BODY = YES;
				CLANG_WARN_ENUM_CONVERSION = YES;
				CLANG_WARN_INFINITE_RECURSION = YES;
				CLANG_WARN_INT_CONVERSION = YES;
				CLANG_WARN_OBJC_ROOT_CLASS = YES_ERROR;
				CLANG_WARN_SUSPICIOUS_MOVE = YES;
				CLANG_WARN_UNREACHABLE_CODE = YES;
				CLANG_WARN__DUPLICATE_METHOD_MATCH = YES;
				CODE_SIGN_IDENTITY = "-";
				COPY_PHASE_STRIP = NO;
				DEBUG_INFORMATION_FORMAT = dwarf;
				ENABLE_STRICT_OBJC_MSGSEND = YES;
				ENABLE_TESTABILITY = YES;
				GCC_C_LANGUAGE_STANDARD = gnu99;
				GCC_DYNAMIC_NO_PIC = NO;
				GCC_NO_COMMON_BLOCKS = YES;
				GCC_OPTIMIZATION_LEVEL = 0;
				GCC_PREPROCESSOR_DEFINITIONS = (
					"DEBUG=1",
					"$(inherited)",
				);
				GCC_WARN_64_TO_32_BIT_CONVERSION = YES;
				GCC_WARN_ABOUT_RETURN_TYPE = YES_ERROR;
				GCC_WARN_UNDECLARED_SELECTOR = YES;
				GCC_WARN_UNINITIALIZED_AUTOS = YES_AGGRESSIVE;
				GCC_WARN_UNUSED_FUNCTION = YES;
				GCC_WARN_UNUSED_VARIABLE = YES;
				MACOSX_DEPLOYMENT_TARGET = 10.12;
				MTL_ENABLE_DEBUG_INFO = YES;
				ONLY_ACTIVE_ARCH = YES;
				SDKROOT = macosx;
				SWIFT_OPTIMIZATION_LEVEL = "-Onone";
			};
			name = Debug;
		};
		8AED07561E3EF4150088C8BA /* Release */ = {
			isa = XCBuildConfiguration;
			buildSettings = {
				ALWAYS_SEARCH_USER_PATHS = NO;
				CLANG_ANALYZER_NONNULL = YES;
				CLANG_CXX_LANGUAGE_STANDARD = "gnu++0x";
				CLANG_CXX_LIBRARY = "libc++";
				CLANG_ENABLE_MODULES = YES;
				CLANG_ENABLE_OBJC_ARC = YES;
				CLANG_WARN_BOOL_CONVERSION = YES;
				CLANG_WARN_CONSTANT_CONVERSION = YES;
				CLANG_WARN_DIRECT_OBJC_ISA_USAGE = YES_ERROR;
				CLANG_WARN_DOCUMENTATION_COMMENTS = YES;
				CLANG_WARN_EMPTY_BODY = YES;
				CLANG_WARN_ENUM_CONVERSION = YES;
				CLANG_WARN_INFINITE_RECURSION = YES;
				CLANG_WARN_INT_CONVERSION = YES;
				CLANG_WARN_OBJC_ROOT_CLASS = YES_ERROR;
				CLANG_WARN_SUSPICIOUS_MOVE = YES;
				CLANG_WARN_UNREACHABLE_CODE = YES;
				CLANG_WARN__DUPLICATE_METHOD_MATCH = YES;
				CODE_SIGN_IDENTITY = "-";
				COPY_PHASE_STRIP = NO;
				DEBUG_INFORMATION_FORMAT = "dwarf-with-dsym";
				ENABLE_NS_ASSERTIONS = NO;
				ENABLE_STRICT_OBJC_MSGSEND = YES;
				GCC_C_LANGUAGE_STANDARD = gnu99;
				GCC_NO_COMMON_BLOCKS = YES;
				GCC_WARN_64_TO_32_BIT_CONVERSION = YES;
				GCC_WARN_ABOUT_RETURN_TYPE = YES_ERROR;
				GCC_WARN_UNDECLARED_SELECTOR = YES;
				GCC_WARN_UNINITIALIZED_AUTOS = YES_AGGRESSIVE;
				GCC_WARN_UNUSED_FUNCTION = YES;
				GCC_WARN_UNUSED_VARIABLE = YES;
				MACOSX_DEPLOYMENT_TARGET = 10.12;
				MTL_ENABLE_DEBUG_INFO = NO;
				SDKROOT = macosx;
				SWIFT_OPTIMIZATION_LEVEL = "-Owholemodule";
			};
			name = Release;
		};
		8AED07581E3EF4150088C8BA /* Debug */ = {
			isa = XCBuildConfiguration;
			buildSettings = {
				DEVELOPMENT_TEAM = S5LE5TDLUP;
				PRODUCT_NAME = "$(TARGET_NAME)";
				SWIFT_VERSION = 3.0;
			};
			name = Debug;
		};
		8AED07591E3EF4150088C8BA /* Release */ = {
			isa = XCBuildConfiguration;
			buildSettings = {
				DEVELOPMENT_TEAM = S5LE5TDLUP;
				PRODUCT_NAME = "$(TARGET_NAME)";
				SWIFT_VERSION = 3.0;
			};
			name = Release;
		};
		FAFA7E631F3767E000AE810A /* Debug */ = {
			isa = XCBuildConfiguration;
			buildSettings = {
				CLANG_ANALYZER_NUMBER_OBJECT_CONVERSION = YES_AGGRESSIVE;
				COMBINE_HIDPI_IMAGES = YES;
				INFOPLIST_FILE = BinarySearchTests/Info.plist;
				LD_RUNPATH_SEARCH_PATHS = "$(inherited) @executable_path/../Frameworks @loader_path/../Frameworks";
				PRODUCT_BUNDLE_IDENTIFIER = com.tokgozmusa.BinarySearchTests;
				PRODUCT_NAME = "$(TARGET_NAME)";
				SWIFT_ACTIVE_COMPILATION_CONDITIONS = DEBUG;
				SWIFT_VERSION = 3.0;
			};
			name = Debug;
		};
		FAFA7E641F3767E000AE810A /* Release */ = {
			isa = XCBuildConfiguration;
			buildSettings = {
				CLANG_ANALYZER_NUMBER_OBJECT_CONVERSION = YES_AGGRESSIVE;
				COMBINE_HIDPI_IMAGES = YES;
				INFOPLIST_FILE = BinarySearchTests/Info.plist;
				LD_RUNPATH_SEARCH_PATHS = "$(inherited) @executable_path/../Frameworks @loader_path/../Frameworks";
				PRODUCT_BUNDLE_IDENTIFIER = com.tokgozmusa.BinarySearchTests;
				PRODUCT_NAME = "$(TARGET_NAME)";
				SWIFT_VERSION = 3.0;
			};
			name = Release;
		};
/* End XCBuildConfiguration section */

/* Begin XCConfigurationList section */
		8AED074B1E3EF4150088C8BA /* Build configuration list for PBXProject "BinarySearch" */ = {
			isa = XCConfigurationList;
			buildConfigurations = (
				8AED07551E3EF4150088C8BA /* Debug */,
				8AED07561E3EF4150088C8BA /* Release */,
			);
			defaultConfigurationIsVisible = 0;
			defaultConfigurationName = Release;
		};
		8AED07571E3EF4150088C8BA /* Build configuration list for PBXNativeTarget "BinarySearch" */ = {
			isa = XCConfigurationList;
			buildConfigurations = (
				8AED07581E3EF4150088C8BA /* Debug */,
				8AED07591E3EF4150088C8BA /* Release */,
			);
			defaultConfigurationIsVisible = 0;
			defaultConfigurationName = Release;
		};
		FAFA7E651F3767E000AE810A /* Build configuration list for PBXNativeTarget "BinarySearchTests" */ = {
			isa = XCConfigurationList;
			buildConfigurations = (
				FAFA7E631F3767E000AE810A /* Debug */,
				FAFA7E641F3767E000AE810A /* Release */,
			);
			defaultConfigurationIsVisible = 0;
			defaultConfigurationName = Release;
		};
/* End XCConfigurationList section */
	};
	rootObject = 8AED07481E3EF4150088C8BA /* Project object */;
}
